{
  "entries": {
    "accept": {
      "sig_id": "a502a4ee61d6412d85ec817a15aa6aa5dfdb38cf8b4e618ff6f37c21d8481c60",
      "stage_id": "a502a4ee61d6412d85ec817a15aa6aa5dfdb38cf8b4e618ff6f37c21d8481c60",
      "source_hash": "00d8ee51a4f70f2b2cbb2fe19e50f2436892d03401e016cf331fcf44baad35dd"
    },
    "bind": {
      "sig_id": "d90217868c9f9bb908657f468407b26c83ebdb45bb60a904cf17424f686d590f",
      "stage_id": "d90217868c9f9bb908657f468407b26c83ebdb45bb60a904cf17424f686d590f",
      "source_hash": "00d8ee51a4f70f2b2cbb2fe19e50f2436892d03401e016cf331fcf44baad35dd"
    },
    "close": {
      "sig_id": "4659ca22743a04b0eb6701faa8bc15e6282e7b3630f4dbaa19359059a34f663d",
      "stage_id": "4659ca22743a04b0eb6701faa8bc15e6282e7b3630f4dbaa19359059a34f663d",
      "source_hash": "00d8ee51a4f70f2b2cbb2fe19e50f2436892d03401e016cf331fcf44baad35dd"
    },
    "listen": {
      "sig_id": "194b12101676e3b219ab421867ac31b4f8adc6a93a5cbc8e2ca8a183c125e876",
      "stage_id": "194b12101676e3b219ab421867ac31b4f8adc6a93a5cbc8e2ca8a183c125e876",
      "source_hash": "00d8ee51a4f70f2b2cbb2fe19e50f2436892d03401e016cf331fcf44baad35dd"
    },
    "put": {
      "sig_id": "e46d4d2d9ed236638c5f1a3795b914a27b568dd7d6554755ee03e6586f317eac",
      "stage_id": "783239ad0d01b269f93916c5ac728a155ea8df7ec5afe25caf5409206b336bc4",
      "source_hash": "00d8ee51a4f70f2b2cbb2fe19e50f2436892d03401e016cf331fcf44baad35dd"
    },
    "put_nat": {
      "sig_id": "08234923a76dff19a63455c815ca8a6f59bbec9896b8f91a6f80a2953ee33fe0",
      "stage_id": "7bb3a5067c491911d31f848958bfae54fd4e44e8f8701b761f3309c1d2dcda2e",
      "source_hash": "00d8ee51a4f70f2b2cbb2fe19e50f2436892d03401e016cf331fcf44baad35dd"
    },
    "read": {
      "sig_id": "82b3948a81ea90fcb446e1d61e9ca75911349989b196f952886ced437ead67f3",
      "stage_id": "82b3948a81ea90fcb446e1d61e9ca75911349989b196f952886ced437ead67f3",
      "source_hash": "00d8ee51a4f70f2b2cbb2fe19e50f2436892d03401e016cf331fcf44baad35dd"
    },
    "setsockopt": {
      "sig_id": "f623b8c8030b0b8c2cdc178713bdf7a75f8fadf05428516ee197b7f78dbfda4a",
      "stage_id": "f623b8c8030b0b8c2cdc178713bdf7a75f8fadf05428516ee197b7f78dbfda4a",
      "source_hash": "00d8ee51a4f70f2b2cbb2fe19e50f2436892d03401e016cf331fcf44baad35dd"
    },
    "socket": {
      "sig_id": "1c42d675c174e0a3b04b7d27a22fd24c7c8951869b4c2cf46b454ea053ef0d76",
      "stage_id": "1c42d675c174e0a3b04b7d27a22fd24c7c8951869b4c2cf46b454ea053ef0d76",
      "source_hash": "00d8ee51a4f70f2b2cbb2fe19e50f2436892d03401e016cf331fcf44baad35dd"
    },
    "write": {
      "sig_id": "c54a0414deb8f2822b8af25a94cf160024328ed76e62b59ab65700db98761b60",
      "stage_id": "c54a0414deb8f2822b8af25a94cf160024328ed76e62b59ab65700db98761b60",
      "source_hash": "00d8ee51a4f70f2b2cbb2fe19e50f2436892d03401e016cf331fcf44baad35dd"
    }
  }
}