{
  "entries": {
    "connect": {
      "sig_id": "8aa3391a8814ea8cc575f294eda65b82eeb95d50b55bb6eeee40da77806989da",
      "stage_id": "8aa3391a8814ea8cc575f294eda65b82eeb95d50b55bb6eeee40da77806989da",
      "source_hash": "ed7a26493332298beedb13d53a6e5c68b0512bf1ea2600556fe48c2ce2471d51"
    }
  }
}