{
  "entries": {
    "connect_to": {
      "sig_id": "53622d2739f5e1c035146d129d1739ac7209aba43d562480f1a533fdb5a6073b",
      "stage_id": "2a20b3505c9cd3a45b1aa2564a42640734618cf8b40dd4dde3a6800562873f6c",
      "source_hash": "a111ac6872d0c17c2af63bb8f2f81fe52e1c1fefea5301165e83b277d7ad6385"
    },
    "octets_of": {
      "sig_id": "8fbf151d19cdd5b5cabe5c44e24db0a18e2b35ae98d5268f414d478a0da19944",
      "stage_id": "402c592100259d860fd654e1df27be6d5ed79b7303928a72b4406c654c821c90",
      "source_hash": "a111ac6872d0c17c2af63bb8f2f81fe52e1c1fefea5301165e83b277d7ad6385"
    },
    "port_of": {
      "sig_id": "f803e76be9777be8fbf000c204ac0e03fed7db716a9e879bbfec8ee6f7e73756",
      "stage_id": "c9cb95159cdc4479cc72db587f6479c09be4dd79e1f0416d00c0034be144ffa7",
      "source_hash": "a111ac6872d0c17c2af63bb8f2f81fe52e1c1fefea5301165e83b277d7ad6385"
    }
  }
}