{
  "entries": {
    "body": {
      "sig_id": "3dcd62130277d432210869d396985ad6add99771cd0a1396047f4f0688de0916",
      "stage_id": "f11ebccfe9247988be75fbc0acb07c3fa3e3fe379ddcb0260f339111b340290a",
      "source_hash": "0cded66fe8dc0683ef1375c75abc66e469c87be634623300205f485a94b0e6c5"
    },
    "close": {
      "sig_id": "4f47e234a14f9924e8cea17f7b5ce563f3c7dc3c4f193d5e9f6db7d32e379cc3",
      "stage_id": "5d0ffc0186640961211afe98e254c96edc0fb3ca07b15448dffb76c8919739d2",
      "source_hash": "0cded66fe8dc0683ef1375c75abc66e469c87be634623300205f485a94b0e6c5"
    },
    "connections": {
      "sig_id": "00a1c736d98f3fce40b5f84e2f7d6df982f4f503e5127cdf769fb50d2fd39edb",
      "stage_id": "ef3cc625292ab0a236b465afc96a2255f4f3eb641febf5158b698ed3d57c9a11",
      "source_hash": "0cded66fe8dc0683ef1375c75abc66e469c87be634623300205f485a94b0e6c5"
    },
    "failure": {
      "sig_id": "613193d80c9a639df819b68e33971cefac93fb7f18096f6e456db94b3dc411e8",
      "stage_id": "e3495859571a11c0a3fe26cc5692092b95dbaa2a9203136e13d75428c20e4bc6",
      "source_hash": "0cded66fe8dc0683ef1375c75abc66e469c87be634623300205f485a94b0e6c5"
    },
    "failure_with": {
      "sig_id": "e71f52e2ee5f34d8a838e2b07291121ba23638e00b2177d3f3e9de1b4ff74d1c",
      "stage_id": "57020a7168fb0810b1b5dfd8776f9f832dc0d20ff4c6380bfeda609d3e43ccf9",
      "source_hash": "0cded66fe8dc0683ef1375c75abc66e469c87be634623300205f485a94b0e6c5"
    },
    "head": {
      "sig_id": "0fcf798ce4231ba6f09fe85935f6b077dfe8a8f058b23a96e95be373cf31e2e7",
      "stage_id": "4f1ae3774faafb339eecc1e24a7d39bd5cb3eb62273f7a3916d5dfbf4c248a4d",
      "source_hash": "0cded66fe8dc0683ef1375c75abc66e469c87be634623300205f485a94b0e6c5"
    },
    "next": {
      "sig_id": "b14aa58c8dfc4b233f40819352468b841445fee6b7c4125a17e6b9cca7ce3c1e",
      "stage_id": "c1a86ea75a924b6ef228f7ff119b1ee33ecb0921724aa5fc0f9ab93afcb6df2a",
      "source_hash": "0cded66fe8dc0683ef1375c75abc66e469c87be634623300205f485a94b0e6c5"
    },
    "open": {
      "sig_id": "22ccfd40df547df183830ceeaa46f358dfbd27f087b1e4de198d065792597644",
      "stage_id": "0ef01a6b12d93677d343a946665178ac64b2af917516fd67ebfbbfcf1a8b9cba",
      "source_hash": "0cded66fe8dc0683ef1375c75abc66e469c87be634623300205f485a94b0e6c5"
    },
    "parsed": {
      "sig_id": "d8ea6d6bd7b4c9a64b3b355b848b41c3ac277ac9ff729de8b2cfb4c83405726e",
      "stage_id": "b832e88186fb11c2b8b55ba0bc78fb767f85a10d8d9d408225857a57c7259507",
      "source_hash": "0cded66fe8dc0683ef1375c75abc66e469c87be634623300205f485a94b0e6c5"
    },
    "reply": {
      "sig_id": "6461d2ea5f81325212c0f04ffd4364db153917b3bed3426782fbdfc041c6feff",
      "stage_id": "9f84bf5d3fe88a72635dbe03d742540fe0096845353dd058c4a390ddeef37ae1",
      "source_hash": "0cded66fe8dc0683ef1375c75abc66e469c87be634623300205f485a94b0e6c5"
    },
    "reply_as": {
      "sig_id": "80fea5b58dd5cb9c5a50ff6ec6b15987da3d4e230c875fa3741168a123105bda",
      "stage_id": "9d899291897f5a2bdd81183897ff95fb686521a68699e61f1d1ec27acc87c804",
      "source_hash": "0cded66fe8dc0683ef1375c75abc66e469c87be634623300205f485a94b0e6c5"
    },
    "reply_empty": {
      "sig_id": "22743f4155d10e84ad569f16d1ae67422b8a5212171950023d92470fe6778388",
      "stage_id": "5d2398f2b83f45bd62b6f4e55a038555daad13e9ef6f65f6ed3833861de75579",
      "source_hash": "0cded66fe8dc0683ef1375c75abc66e469c87be634623300205f485a94b0e6c5"
    },
    "reply_with": {
      "sig_id": "f4e551a73e57ca541e6c39bd0b5d162c93b32849f093d7bd542d85c3772cc5a1",
      "stage_id": "2d24f020b6315d1b227e6e7f3855c1f886da044b7de4a4dc3040d5bae21ca4f7",
      "source_hash": "0cded66fe8dc0683ef1375c75abc66e469c87be634623300205f485a94b0e6c5"
    },
    "respond": {
      "sig_id": "731a1c6f4749fe1b4fd1a74d2884a5982c76933285c1d0d4da77a17034e59fd0",
      "stage_id": "2e1ee08fcb829b6674fb4e1ec5e2594c2f5898ac45dde696f75565deef0f0f0a",
      "source_hash": "0cded66fe8dc0683ef1375c75abc66e469c87be634623300205f485a94b0e6c5"
    },
    "wait": {
      "sig_id": "a4218b298e4640675c309a08503eea0942ec0d53783eedbd88ea801c61120f2c",
      "stage_id": "a55bc4eacd6f814bd4a8e06c72b17c1f33b33dbdddf968d4eeef0ac6078b77b4",
      "source_hash": "0cded66fe8dc0683ef1375c75abc66e469c87be634623300205f485a94b0e6c5"
    }
  }
}