{
  "entries": {
    "answer": {
      "sig_id": "2cc8bb0bc9b180a6cfa02fc0b79867ce53ee1c051fa58df73f3863f551f5ec6d",
      "stage_id": "62a4bca468b3904f453d83c940794fb3f3050ab1fb1b34c3e3d9bae66ced72cf",
      "source_hash": "0cded66fe8dc0683ef1375c75abc66e469c87be634623300205f485a94b0e6c5"
    },
    "body": {
      "sig_id": "3dcd62130277d432210869d396985ad6add99771cd0a1396047f4f0688de0916",
      "stage_id": "f11ebccfe9247988be75fbc0acb07c3fa3e3fe379ddcb0260f339111b340290a",
      "source_hash": "0cded66fe8dc0683ef1375c75abc66e469c87be634623300205f485a94b0e6c5"
    },
    "close": {
      "sig_id": "4f47e234a14f9924e8cea17f7b5ce563f3c7dc3c4f193d5e9f6db7d32e379cc3",
      "stage_id": "5d0ffc0186640961211afe98e254c96edc0fb3ca07b15448dffb76c8919739d2",
      "source_hash": "0cded66fe8dc0683ef1375c75abc66e469c87be634623300205f485a94b0e6c5"
    },
    "connections": {
      "sig_id": "00a1c736d98f3fce40b5f84e2f7d6df982f4f503e5127cdf769fb50d2fd39edb",
      "stage_id": "ef3cc625292ab0a236b465afc96a2255f4f3eb641febf5158b698ed3d57c9a11",
      "source_hash": "0cded66fe8dc0683ef1375c75abc66e469c87be634623300205f485a94b0e6c5"
    },
    "failure": {
      "sig_id": "613193d80c9a639df819b68e33971cefac93fb7f18096f6e456db94b3dc411e8",
      "stage_id": "e3495859571a11c0a3fe26cc5692092b95dbaa2a9203136e13d75428c20e4bc6",
      "source_hash": "0cded66fe8dc0683ef1375c75abc66e469c87be634623300205f485a94b0e6c5"
    },
    "failure_with": {
      "sig_id": "e71f52e2ee5f34d8a838e2b07291121ba23638e00b2177d3f3e9de1b4ff74d1c",
      "stage_id": "57020a7168fb0810b1b5dfd8776f9f832dc0d20ff4c6380bfeda609d3e43ccf9",
      "source_hash": "0cded66fe8dc0683ef1375c75abc66e469c87be634623300205f485a94b0e6c5"
    },
    "first_token": {
      "sig_id": "f704ec91b085244c7bfb87f6d21aa75b2faaa9b8238549ea960d3108f1f6bf30",
      "stage_id": "59844feade630bdcd55ce650d545b4289d69f18c200d27daee06dc89c5452607",
      "source_hash": "0cded66fe8dc0683ef1375c75abc66e469c87be634623300205f485a94b0e6c5"
    },
    "foreign": {
      "sig_id": "303ba004e4c3d869657807af214a0c4d61e677f727e316e9c9dad82f57bf607c",
      "stage_id": "2f3cc52c9138d96ba546b3c9fffeeb31dfe6a264a9d4808daccbc4277af6ce35",
      "source_hash": "0cded66fe8dc0683ef1375c75abc66e469c87be634623300205f485a94b0e6c5"
    },
    "foreign_count": {
      "sig_id": "f66cd2db481a8adc4f95e2a7de214e083c1715cc979020f2de2ed9e669a481b2",
      "stage_id": "ae72a86ae2e9e6a6834f0cff33fcfd48018f7c895c5f1f7b663fab821fe846c4",
      "source_hash": "0cded66fe8dc0683ef1375c75abc66e469c87be634623300205f485a94b0e6c5"
    },
    "head": {
      "sig_id": "0fcf798ce4231ba6f09fe85935f6b077dfe8a8f058b23a96e95be373cf31e2e7",
      "stage_id": "4f1ae3774faafb339eecc1e24a7d39bd5cb3eb62273f7a3916d5dfbf4c248a4d",
      "source_hash": "0cded66fe8dc0683ef1375c75abc66e469c87be634623300205f485a94b0e6c5"
    },
    "hold": {
      "sig_id": "6ae5ea4a3ce3bd654503d801241505f8bff63cea21d86cd4ccb37b730f5dcdc7",
      "stage_id": "307a3fb00d5a238b5cd3b122bcff295d70bb9cbe731ac711a643641e5d296c00",
      "source_hash": "0cded66fe8dc0683ef1375c75abc66e469c87be634623300205f485a94b0e6c5"
    },
    "next": {
      "sig_id": "b14aa58c8dfc4b233f40819352468b841445fee6b7c4125a17e6b9cca7ce3c1e",
      "stage_id": "c1a86ea75a924b6ef228f7ff119b1ee33ecb0921724aa5fc0f9ab93afcb6df2a",
      "source_hash": "0cded66fe8dc0683ef1375c75abc66e469c87be634623300205f485a94b0e6c5"
    },
    "open": {
      "sig_id": "22ccfd40df547df183830ceeaa46f358dfbd27f087b1e4de198d065792597644",
      "stage_id": "0ef01a6b12d93677d343a946665178ac64b2af917516fd67ebfbbfcf1a8b9cba",
      "source_hash": "0cded66fe8dc0683ef1375c75abc66e469c87be634623300205f485a94b0e6c5"
    },
    "parsed": {
      "sig_id": "d8ea6d6bd7b4c9a64b3b355b848b41c3ac277ac9ff729de8b2cfb4c83405726e",
      "stage_id": "b832e88186fb11c2b8b55ba0bc78fb767f85a10d8d9d408225857a57c7259507",
      "source_hash": "0cded66fe8dc0683ef1375c75abc66e469c87be634623300205f485a94b0e6c5"
    },
    "poller": {
      "sig_id": "859968cd2a9817aeb5b6292ed6dfdbd31ca2b6390feaaa7febd0591ed761e1fd",
      "stage_id": "f603730706331615f65e8ff0e7abaca7494790a9429bf0c350933ee5938d0a8d",
      "source_hash": "0cded66fe8dc0683ef1375c75abc66e469c87be634623300205f485a94b0e6c5"
    },
    "reply": {
      "sig_id": "6461d2ea5f81325212c0f04ffd4364db153917b3bed3426782fbdfc041c6feff",
      "stage_id": "9f84bf5d3fe88a72635dbe03d742540fe0096845353dd058c4a390ddeef37ae1",
      "source_hash": "0cded66fe8dc0683ef1375c75abc66e469c87be634623300205f485a94b0e6c5"
    },
    "reply_as": {
      "sig_id": "80fea5b58dd5cb9c5a50ff6ec6b15987da3d4e230c875fa3741168a123105bda",
      "stage_id": "9d899291897f5a2bdd81183897ff95fb686521a68699e61f1d1ec27acc87c804",
      "source_hash": "0cded66fe8dc0683ef1375c75abc66e469c87be634623300205f485a94b0e6c5"
    },
    "reply_empty": {
      "sig_id": "22743f4155d10e84ad569f16d1ae67422b8a5212171950023d92470fe6778388",
      "stage_id": "5d2398f2b83f45bd62b6f4e55a038555daad13e9ef6f65f6ed3833861de75579",
      "source_hash": "0cded66fe8dc0683ef1375c75abc66e469c87be634623300205f485a94b0e6c5"
    },
    "reply_with": {
      "sig_id": "f4e551a73e57ca541e6c39bd0b5d162c93b32849f093d7bd542d85c3772cc5a1",
      "stage_id": "2d24f020b6315d1b227e6e7f3855c1f886da044b7de4a4dc3040d5bae21ca4f7",
      "source_hash": "0cded66fe8dc0683ef1375c75abc66e469c87be634623300205f485a94b0e6c5"
    },
    "respond": {
      "sig_id": "731a1c6f4749fe1b4fd1a74d2884a5982c76933285c1d0d4da77a17034e59fd0",
      "stage_id": "2e1ee08fcb829b6674fb4e1ec5e2594c2f5898ac45dde696f75565deef0f0f0a",
      "source_hash": "0cded66fe8dc0683ef1375c75abc66e469c87be634623300205f485a94b0e6c5"
    },
    "ticket_slot": {
      "sig_id": "eb89942aabd5143c3d9919a312a04f317ec766de51fb1fe9b2641cc66aaf1747",
      "stage_id": "058c171d93912d5032911ed4c19e1bcd6273e412e2f5747423c5ddee1532baa5",
      "source_hash": "0cded66fe8dc0683ef1375c75abc66e469c87be634623300205f485a94b0e6c5"
    },
    "wait": {
      "sig_id": "a4218b298e4640675c309a08503eea0942ec0d53783eedbd88ea801c61120f2c",
      "stage_id": "a55bc4eacd6f814bd4a8e06c72b17c1f33b33dbdddf968d4eeef0ac6078b77b4",
      "source_hash": "0cded66fe8dc0683ef1375c75abc66e469c87be634623300205f485a94b0e6c5"
    }
  }
}