{
  "entries": {
    "connect": {
      "sig_id": "1d003d80c8269c93c25c285053e5318c14e47c23e17ed335435be3ee5cb63eb9",
      "stage_id": "1d003d80c8269c93c25c285053e5318c14e47c23e17ed335435be3ee5cb63eb9",
      "source_hash": "a111ac6872d0c17c2af63bb8f2f81fe52e1c1fefea5301165e83b277d7ad6385"
    }
  }
}