{
  "entries": {
    "end_of_quoted": {
      "sig_id": "ae3df7adc484f2d32b46d3e1abe37cec93cbbaad0fdd9a50dde8a646bb0a9e57",
      "stage_id": "8e025218486db08b25fcddebf1506d0e197df75f48ae7a341720b055009f2719",
      "source_hash": "904c48a1ddcb2609a38d1563c71ec387fe7ac33650c3eb406e1f62d77900190f"
    },
    "find_after": {
      "sig_id": "53986bef9e4bd3bf789196be09b1f6e8243eb14231c6d984a6f3c91df8b5a823",
      "stage_id": "d58ccc89d5173a87b5dc09f01401068384f4b3fa60c51011962d57380fa93b17",
      "source_hash": "904c48a1ddcb2609a38d1563c71ec387fe7ac33650c3eb406e1f62d77900190f"
    },
    "goal_end_of": {
      "sig_id": "d77a5e633ef2b6e044d3495c2c03e914af96a267633e558bef01848e77aea094",
      "stage_id": "2db460c005f4cc22da2074a7e525c601dc69153c0f0325071e2deaf82f0ce1bd",
      "source_hash": "904c48a1ddcb2609a38d1563c71ec387fe7ac33650c3eb406e1f62d77900190f"
    },
    "goal_start_of": {
      "sig_id": "6133066ebc13297ab9bc1d2299adab4f5e93da7f3a242cbbeac9ce2baaf30998",
      "stage_id": "2548271d02a3db836bc1b1ca2ba677fd5f52f2ddc13ce25cd9acd9af0ef94c43",
      "source_hash": "904c48a1ddcb2609a38d1563c71ec387fe7ac33650c3eb406e1f62d77900190f"
    },
    "step_of": {
      "sig_id": "f99997909b71b8b4a0565b4e1817edce474fb19c4e3b6ba0257f456e0a9df816",
      "stage_id": "bd5664e40cb8fe995fe573889642ba2166e15f6d9e86adbfb956a1893c950b49",
      "source_hash": "904c48a1ddcb2609a38d1563c71ec387fe7ac33650c3eb406e1f62d77900190f"
    }
  }
}